
Microsoft Visual Studio Solution File, Format Version 12.00
# Visual Studio 15
Project("{FAE04EC0-301F-11D3-BF4B-00C04F79EFBC}") = "UnityEngine.TestRunner", "UnityEngine.TestRunner.csproj", "{CB4FBB7D-D0EA-BC39-48B0-72E0C374210B}"
EndProject
Project("{FAE04EC0-301F-11D3-BF4B-00C04F79EFBC}") = "UnityEngine.UI", "UnityEngine.UI.csproj", "{0484DC48-26C9-5EEE-25BE-C2C98E5F14C7}"
EndProject
Project("{FAE04EC0-301F-11D3-BF4B-00C04F79EFBC}") = "Unity.Timeline", "Unity.Timeline.csproj", "{3AE5ECE2-5EF7-887A-1ECC-9290C760C3A4}"
EndProject
Project("{FAE04EC0-301F-11D3-BF4B-00C04F79EFBC}") = "Unity.TextMeshPro", "Unity.TextMeshPro.csproj", "{07993424-99F5-4E62-AE82-93604B4544CD}"
EndProject
Project("{FAE04EC0-301F-11D3-BF4B-00C04F79EFBC}") = "Assembly-CSharp", "Assembly-CSharp.csproj", "{F536D4E2-7E6F-BB40-F6EB-7C64A65B74DF}"
EndProject
Project("{FAE04EC0-301F-11D3-BF4B-00C04F79EFBC}") = "Unity.Timeline.Editor", "Unity.Timeline.Editor.csproj", "{D3B83429-29BE-57A2-E1C4-7135A9010938}"
EndProject
Project("{FAE04EC0-301F-11D3-BF4B-00C04F79EFBC}") = "UnityEditor.TestRunner", "UnityEditor.TestRunner.csproj", "{E56F21C6-0F48-552D-BF8E-8CFAC59E8193}"
EndProject
Project("{FAE04EC0-301F-11D3-BF4B-00C04F79EFBC}") = "UnityEditor.UI", "UnityEditor.UI.csproj", "{C6E4E96E-7641-900A-2E1C-015967C1FD42}"
EndProject
Project("{FAE04EC0-301F-11D3-BF4B-00C04F79EFBC}") = "Unity.VisualStudio.Editor", "Unity.VisualStudio.Editor.csproj", "{9262AE05-E29B-D93B-2D94-AD2FDA74AFDF}"
EndProject
Project("{FAE04EC0-301F-11D3-BF4B-00C04F79EFBC}") = "Unity.TextMeshPro.Editor", "Unity.TextMeshPro.Editor.csproj", "{3A148B16-E56F-90C4-97DE-7A39C7559A95}"
EndProject
Project("{FAE04EC0-301F-11D3-BF4B-00C04F79EFBC}") = "Unity.CollabProxy.Editor", "Unity.CollabProxy.Editor.csproj", "{558098E8-8D47-245C-AA60-18D100D6E881}"
EndProject
Project("{FAE04EC0-301F-11D3-BF4B-00C04F79EFBC}") = "Unity.VSCode.Editor", "Unity.VSCode.Editor.csproj", "{EE13D352-7D6B-8293-F406-295DF24D43D9}"
EndProject
Project("{FAE04EC0-301F-11D3-BF4B-00C04F79EFBC}") = "Unity.Rider.Editor", "Unity.Rider.Editor.csproj", "{DD67154B-8951-2F2A-A0BC-488BC2DB4A5C}"
EndProject
Project("{FAE04EC0-301F-11D3-BF4B-00C04F79EFBC}") = "UnityEngine.TestRunner", "UnityEngine.TestRunner.Player.csproj", "{51468CB0-C618-92CF-ABB0-BEFC39618522}"
EndProject
Project("{FAE04EC0-301F-11D3-BF4B-00C04F79EFBC}") = "UnityEngine.UI", "UnityEngine.UI.Player.csproj", "{CDD25393-812A-951A-EA6D-F37092A698CE}"
EndProject
Project("{FAE04EC0-301F-11D3-BF4B-00C04F79EFBC}") = "Unity.Timeline", "Unity.Timeline.Player.csproj", "{1D23A99F-776C-F8D8-F1A2-D5EE01749EDF}"
EndProject
Project("{FAE04EC0-301F-11D3-BF4B-00C04F79EFBC}") = "Unity.TextMeshPro", "Unity.TextMeshPro.Player.csproj", "{00DDF689-1B2D-0164-26D7-3273AF187930}"
EndProject
Project("{FAE04EC0-301F-11D3-BF4B-00C04F79EFBC}") = "Assembly-CSharp", "Assembly-CSharp.Player.csproj", "{21C9E882-0722-70CA-F696-37D534AB7FAA}"
EndProject
Global
	GlobalSection(SolutionConfigurationPlatforms) = preSolution
		Debug|Any CPU = Debug|Any CPU
		Release|Any CPU = Release|Any CPU
	EndGlobalSection
	GlobalSection(ProjectConfigurationPlatforms) = postSolution
		{CB4FBB7D-D0EA-BC39-48B0-72E0C374210B}.Debug|Any CPU.ActiveCfg = Debug|Any CPU
		{CB4FBB7D-D0EA-BC39-48B0-72E0C374210B}.Debug|Any CPU.Build.0 = Debug|Any CPU
		{CB4FBB7D-D0EA-BC39-48B0-72E0C374210B}.Release|Any CPU.ActiveCfg = Release|Any CPU
		{CB4FBB7D-D0EA-BC39-48B0-72E0C374210B}.Release|Any CPU.Build.0 = Release|Any CPU
		{0484DC48-26C9-5EEE-25BE-C2C98E5F14C7}.Debug|Any CPU.ActiveCfg = Debug|Any CPU
		{0484DC48-26C9-5EEE-25BE-C2C98E5F14C7}.Debug|Any CPU.Build.0 = Debug|Any CPU
		{0484DC48-26C9-5EEE-25BE-C2C98E5F14C7}.Release|Any CPU.ActiveCfg = Release|Any CPU
		{0484DC48-26C9-5EEE-25BE-C2C98E5F14C7}.Release|Any CPU.Build.0 = Release|Any CPU
		{3AE5ECE2-5EF7-887A-1ECC-9290C760C3A4}.Debug|Any CPU.ActiveCfg = Debug|Any CPU
		{3AE5ECE2-5EF7-887A-1ECC-9290C760C3A4}.Debug|Any CPU.Build.0 = Debug|Any CPU
		{3AE5ECE2-5EF7-887A-1ECC-9290C760C3A4}.Release|Any CPU.ActiveCfg = Release|Any CPU
		{3AE5ECE2-5EF7-887A-1ECC-9290C760C3A4}.Release|Any CPU.Build.0 = Release|Any CPU
		{07993424-99F5-4E62-AE82-93604B4544CD}.Debug|Any CPU.ActiveCfg = Debug|Any CPU
		{07993424-99F5-4E62-AE82-93604B4544CD}.Debug|Any CPU.Build.0 = Debug|Any CPU
		{07993424-99F5-4E62-AE82-93604B4544CD}.Release|Any CPU.ActiveCfg = Release|Any CPU
		{07993424-99F5-4E62-AE82-93604B4544CD}.Release|Any CPU.Build.0 = Release|Any CPU
		{F536D4E2-7E6F-BB40-F6EB-7C64A65B74DF}.Debug|Any CPU.ActiveCfg = Debug|Any CPU
		{F536D4E2-7E6F-BB40-F6EB-7C64A65B74DF}.Debug|Any CPU.Build.0 = Debug|Any CPU
		{F536D4E2-7E6F-BB40-F6EB-7C64A65B74DF}.Release|Any CPU.ActiveCfg = Release|Any CPU
		{F536D4E2-7E6F-BB40-F6EB-7C64A65B74DF}.Release|Any CPU.Build.0 = Release|Any CPU
		{D3B83429-29BE-57A2-E1C4-7135A9010938}.Debug|Any CPU.ActiveCfg = Debug|Any CPU
		{D3B83429-29BE-57A2-E1C4-7135A9010938}.Debug|Any CPU.Build.0 = Debug|Any CPU
		{D3B83429-29BE-57A2-E1C4-7135A9010938}.Release|Any CPU.ActiveCfg = Release|Any CPU
		{D3B83429-29BE-57A2-E1C4-7135A9010938}.Release|Any CPU.Build.0 = Release|Any CPU
		{E56F21C6-0F48-552D-BF8E-8CFAC59E8193}.Debug|Any CPU.ActiveCfg = Debug|Any CPU
		{E56F21C6-0F48-552D-BF8E-8CFAC59E8193}.Debug|Any CPU.Build.0 = Debug|Any CPU
		{E56F21C6-0F48-552D-BF8E-8CFAC59E8193}.Release|Any CPU.ActiveCfg = Release|Any CPU
		{E56F21C6-0F48-552D-BF8E-8CFAC59E8193}.Release|Any CPU.Build.0 = Release|Any CPU
		{C6E4E96E-7641-900A-2E1C-015967C1FD42}.Debug|Any CPU.ActiveCfg = Debug|Any CPU
		{C6E4E96E-7641-900A-2E1C-015967C1FD42}.Debug|Any CPU.Build.0 = Debug|Any CPU
		{C6E4E96E-7641-900A-2E1C-015967C1FD42}.Release|Any CPU.ActiveCfg = Release|Any CPU
		{C6E4E96E-7641-900A-2E1C-015967C1FD42}.Release|Any CPU.Build.0 = Release|Any CPU
		{9262AE05-E29B-D93B-2D94-AD2FDA74AFDF}.Debug|Any CPU.ActiveCfg = Debug|Any CPU
		{9262AE05-E29B-D93B-2D94-AD2FDA74AFDF}.Debug|Any CPU.Build.0 = Debug|Any CPU
		{9262AE05-E29B-D93B-2D94-AD2FDA74AFDF}.Release|Any CPU.ActiveCfg = Release|Any CPU
		{9262AE05-E29B-D93B-2D94-AD2FDA74AFDF}.Release|Any CPU.Build.0 = Release|Any CPU
		{3A148B16-E56F-90C4-97DE-7A39C7559A95}.Debug|Any CPU.ActiveCfg = Debug|Any CPU
		{3A148B16-E56F-90C4-97DE-7A39C7559A95}.Debug|Any CPU.Build.0 = Debug|Any CPU
		{3A148B16-E56F-90C4-97DE-7A39C7559A95}.Release|Any CPU.ActiveCfg = Release|Any CPU
		{3A148B16-E56F-90C4-97DE-7A39C7559A95}.Release|Any CPU.Build.0 = Release|Any CPU
		{558098E8-8D47-245C-AA60-18D100D6E881}.Debug|Any CPU.ActiveCfg = Debug|Any CPU
		{558098E8-8D47-245C-AA60-18D100D6E881}.Debug|Any CPU.Build.0 = Debug|Any CPU
		{558098E8-8D47-245C-AA60-18D100D6E881}.Release|Any CPU.ActiveCfg = Release|Any CPU
		{558098E8-8D47-245C-AA60-18D100D6E881}.Release|Any CPU.Build.0 = Release|Any CPU
		{EE13D352-7D6B-8293-F406-295DF24D43D9}.Debug|Any CPU.ActiveCfg = Debug|Any CPU
		{EE13D352-7D6B-8293-F406-295DF24D43D9}.Debug|Any CPU.Build.0 = Debug|Any CPU
		{EE13D352-7D6B-8293-F406-295DF24D43D9}.Release|Any CPU.ActiveCfg = Release|Any CPU
		{EE13D352-7D6B-8293-F406-295DF24D43D9}.Release|Any CPU.Build.0 = Release|Any CPU
		{DD67154B-8951-2F2A-A0BC-488BC2DB4A5C}.Debug|Any CPU.ActiveCfg = Debug|Any CPU
		{DD67154B-8951-2F2A-A0BC-488BC2DB4A5C}.Debug|Any CPU.Build.0 = Debug|Any CPU
		{DD67154B-8951-2F2A-A0BC-488BC2DB4A5C}.Release|Any CPU.ActiveCfg = Release|Any CPU
		{DD67154B-8951-2F2A-A0BC-488BC2DB4A5C}.Release|Any CPU.Build.0 = Release|Any CPU
		{51468CB0-C618-92CF-ABB0-BEFC39618522}.Debug|Any CPU.ActiveCfg = Debug|Any CPU
		{51468CB0-C618-92CF-ABB0-BEFC39618522}.Debug|Any CPU.Build.0 = Debug|Any CPU
		{51468CB0-C618-92CF-ABB0-BEFC39618522}.Release|Any CPU.ActiveCfg = Release|Any CPU
		{51468CB0-C618-92CF-ABB0-BEFC39618522}.Release|Any CPU.Build.0 = Release|Any CPU
		{CDD25393-812A-951A-EA6D-F37092A698CE}.Debug|Any CPU.ActiveCfg = Debug|Any CPU
		{CDD25393-812A-951A-EA6D-F37092A698CE}.Debug|Any CPU.Build.0 = Debug|Any CPU
		{CDD25393-812A-951A-EA6D-F37092A698CE}.Release|Any CPU.ActiveCfg = Release|Any CPU
		{CDD25393-812A-951A-EA6D-F37092A698CE}.Release|Any CPU.Build.0 = Release|Any CPU
		{1D23A99F-776C-F8D8-F1A2-D5EE01749EDF}.Debug|Any CPU.ActiveCfg = Debug|Any CPU
		{1D23A99F-776C-F8D8-F1A2-D5EE01749EDF}.Debug|Any CPU.Build.0 = Debug|Any CPU
		{1D23A99F-776C-F8D8-F1A2-D5EE01749EDF}.Release|Any CPU.ActiveCfg = Release|Any CPU
		{1D23A99F-776C-F8D8-F1A2-D5EE01749EDF}.Release|Any CPU.Build.0 = Release|Any CPU
		{00DDF689-1B2D-0164-26D7-3273AF187930}.Debug|Any CPU.ActiveCfg = Debug|Any CPU
		{00DDF689-1B2D-0164-26D7-3273AF187930}.Debug|Any CPU.Build.0 = Debug|Any CPU
		{00DDF689-1B2D-0164-26D7-3273AF187930}.Release|Any CPU.ActiveCfg = Release|Any CPU
		{00DDF689-1B2D-0164-26D7-3273AF187930}.Release|Any CPU.Build.0 = Release|Any CPU
		{21C9E882-0722-70CA-F696-37D534AB7FAA}.Debug|Any CPU.ActiveCfg = Debug|Any CPU
		{21C9E882-0722-70CA-F696-37D534AB7FAA}.Debug|Any CPU.Build.0 = Debug|Any CPU
		{21C9E882-0722-70CA-F696-37D534AB7FAA}.Release|Any CPU.ActiveCfg = Release|Any CPU
		{21C9E882-0722-70CA-F696-37D534AB7FAA}.Release|Any CPU.Build.0 = Release|Any CPU
	EndGlobalSection
	GlobalSection(SolutionProperties) = preSolution
		HideSolutionNode = FALSE
	EndGlobalSection
EndGlobal
